
Microsoft Visual Studio Solution File, Format Version 12.00
# Visual Studio 15
Project("{FAE04EC0-301F-11D3-BF4B-00C04F79EFBC}") = "Assembly-CSharp", "Assembly-CSharp.csproj", "{5B323162-6138-99A6-4A0D-10B9F2A91230}"
EndProject
Project("{FAE04EC0-301F-11D3-BF4B-00C04F79EFBC}") = "Assembly-CSharp-firstpass", "Assembly-CSharp-firstpass.csproj", "{A35AA9A5-7178-5F2D-8626-E78A5EF701F8}"
EndProject
Project("{FAE04EC0-301F-11D3-BF4B-00C04F79EFBC}") = "Assembly-CSharp-Editor-firstpass", "Assembly-CSharp-Editor-firstpass.csproj", "{F2480878-B0B0-C980-DA6D-FC8A94B3B351}"
EndProject
Global
	GlobalSection(SolutionConfigurationPlatforms) = preSolution
		Debug|Any CPU = Debug|Any CPU
		Release|Any CPU = Release|Any CPU
	EndGlobalSection
	GlobalSection(ProjectConfigurationPlatforms) = postSolution
		{5B323162-6138-99A6-4A0D-10B9F2A91230}.Debug|Any CPU.ActiveCfg = Debug|Any CPU
		{5B323162-6138-99A6-4A0D-10B9F2A91230}.Debug|Any CPU.Build.0 = Debug|Any CPU
		{5B323162-6138-99A6-4A0D-10B9F2A91230}.Release|Any CPU.ActiveCfg = Release|Any CPU
		{5B323162-6138-99A6-4A0D-10B9F2A91230}.Release|Any CPU.Build.0 = Release|Any CPU
		{A35AA9A5-7178-5F2D-8626-E78A5EF701F8}.Debug|Any CPU.ActiveCfg = Debug|Any CPU
		{A35AA9A5-7178-5F2D-8626-E78A5EF701F8}.Debug|Any CPU.Build.0 = Debug|Any CPU
		{A35AA9A5-7178-5F2D-8626-E78A5EF701F8}.Release|Any CPU.ActiveCfg = Release|Any CPU
		{A35AA9A5-7178-5F2D-8626-E78A5EF701F8}.Release|Any CPU.Build.0 = Release|Any CPU
		{F2480878-B0B0-C980-DA6D-FC8A94B3B351}.Debug|Any CPU.ActiveCfg = Debug|Any CPU
		{F2480878-B0B0-C980-DA6D-FC8A94B3B351}.Debug|Any CPU.Build.0 = Debug|Any CPU
		{F2480878-B0B0-C980-DA6D-FC8A94B3B351}.Release|Any CPU.ActiveCfg = Release|Any CPU
		{F2480878-B0B0-C980-DA6D-FC8A94B3B351}.Release|Any CPU.Build.0 = Release|Any CPU
	EndGlobalSection
	GlobalSection(SolutionProperties) = preSolution
		HideSolutionNode = FALSE
	EndGlobalSection
EndGlobal
